
Microsoft Visual Studio Solution File, Format Version 12.00
# Visual Studio 2013
VisualStudioVersion = 12.0.31101.0
MinimumVisualStudioVersion = 10.0.40219.1
Project("{FAE04EC0-301F-11D3-BF4B-00C04F79EFBC}") = "q27", "q27\q27.csproj", "{8BCDBACA-E8CB-4F3C-9559-EB0BB30F4CEC}"
EndProject
Global
	GlobalSection(SolutionConfigurationPlatforms) = preSolution
		Debug|Any CPU = Debug|Any CPU
		Release|Any CPU = Release|Any CPU
	EndGlobalSection
	GlobalSection(ProjectConfigurationPlatforms) = postSolution
		{8BCDBACA-E8CB-4F3C-9559-EB0BB30F4CEC}.Debug|Any CPU.ActiveCfg = Debug|Any CPU
		{8BCDBACA-E8CB-4F3C-9559-EB0BB30F4CEC}.Debug|Any CPU.Build.0 = Debug|Any CPU
		{8BCDBACA-E8CB-4F3C-9559-EB0BB30F4CEC}.Release|Any CPU.ActiveCfg = Release|Any CPU
		{8BCDBACA-E8CB-4F3C-9559-EB0BB30F4CEC}.Release|Any CPU.Build.0 = Release|Any CPU
	EndGlobalSection
	GlobalSection(SolutionProperties) = preSolution
		HideSolutionNode = FALSE
	EndGlobalSection
EndGlobal
