
Microsoft Visual Studio Solution File, Format Version 12.00
# Visual Studio 14
VisualStudioVersion = 14.0.22823.1
MinimumVisualStudioVersion = 10.0.40219.1
Project("{FAE04EC0-301F-11D3-BF4B-00C04F79EFBC}") = "q01", "..\q01\q01\q01.csproj", "{09A2FA16-53C5-401A-8813-3CE0CADEE445}"
EndProject
Project("{2150E333-8FDC-42A3-9474-1A3956D46DE8}") = "q01-10", "q01-10", "{6205358E-8B47-4E77-8C50-249F8CF750F6}"
EndProject
Project("{FAE04EC0-301F-11D3-BF4B-00C04F79EFBC}") = "q02", "..\q02\q02\q02.csproj", "{6C6AB264-E8AA-4A49-AD30-DAE75AD18BE8}"
EndProject
Project("{FAE04EC0-301F-11D3-BF4B-00C04F79EFBC}") = "q03", "..\q03\q03\q03.csproj", "{B67BD7AC-F64C-47D0-A537-2B638FAA3C3C}"
EndProject
Project("{FAE04EC0-301F-11D3-BF4B-00C04F79EFBC}") = "q04", "..\q04\q04\q04.csproj", "{C5175BE1-FDC2-46BD-9808-6BAD457CB26D}"
EndProject
Project("{FAE04EC0-301F-11D3-BF4B-00C04F79EFBC}") = "q05", "..\q05\q05\q05.csproj", "{72CE0496-10B9-4077-ACA8-977DD8791BB7}"
EndProject
Project("{FAE04EC0-301F-11D3-BF4B-00C04F79EFBC}") = "q06", "..\q06\q06\q06.csproj", "{67A956E5-95EB-459F-818B-E9420974125B}"
EndProject
Project("{FAE04EC0-301F-11D3-BF4B-00C04F79EFBC}") = "q07", "..\q07\q07\q07.csproj", "{1687E12B-780A-4C53-B6AF-27B585AF56DB}"
EndProject
Project("{FAE04EC0-301F-11D3-BF4B-00C04F79EFBC}") = "q08", "..\q08\q08\q08.csproj", "{0E2712D1-5306-40F1-BE2C-0D6EC3B8F11B}"
EndProject
Project("{FAE04EC0-301F-11D3-BF4B-00C04F79EFBC}") = "q09", "..\q09\q09\q09.csproj", "{887EFC78-1D60-4DDA-BE9B-81F4E782CDE7}"
EndProject
Project("{FAE04EC0-301F-11D3-BF4B-00C04F79EFBC}") = "q10", "..\q10\q10\q10.csproj", "{34E8D141-5E86-4EE2-B37D-5C8483CD0FF2}"
EndProject
Project("{2150E333-8FDC-42A3-9474-1A3956D46DE8}") = "q11-20", "q11-20", "{AA4D7560-13D7-4A50-89AA-2DDA714225A5}"
EndProject
Project("{FAE04EC0-301F-11D3-BF4B-00C04F79EFBC}") = "q11", "..\q11\q11\q11.csproj", "{599B3FBC-26A0-4037-B893-B0FE7E2E8192}"
EndProject
Project("{FAE04EC0-301F-11D3-BF4B-00C04F79EFBC}") = "q12", "..\q12\q12\q12.csproj", "{980C40D3-1F1C-4EC4-B48F-35FA1F3B17CB}"
EndProject
Project("{FAE04EC0-301F-11D3-BF4B-00C04F79EFBC}") = "q13", "..\q13\q13\q13.csproj", "{9B9F5317-D5E7-4928-8543-386FA74BB10A}"
EndProject
Project("{FAE04EC0-301F-11D3-BF4B-00C04F79EFBC}") = "q14", "..\q14\q14\q14.csproj", "{2CA35E43-4959-42F3-9E07-011B93EE4736}"
EndProject
Project("{FAE04EC0-301F-11D3-BF4B-00C04F79EFBC}") = "q15", "..\q15\q15\q15.csproj", "{FE1EF5FB-7C33-4F79-ADB1-4C3AFA320520}"
EndProject
Project("{FAE04EC0-301F-11D3-BF4B-00C04F79EFBC}") = "q16", "..\q16\q16\q16.csproj", "{6AF35505-2C78-43FD-98AC-FB4DA2CFDFF7}"
EndProject
Project("{FAE04EC0-301F-11D3-BF4B-00C04F79EFBC}") = "q17", "..\q17\q17\q17.csproj", "{68773046-A1F3-4D10-8F86-81BA06DBCEAE}"
EndProject
Project("{FAE04EC0-301F-11D3-BF4B-00C04F79EFBC}") = "q18", "..\q18\q18\q18.csproj", "{F691E302-7181-415E-9F95-F640D90CA8FB}"
EndProject
Project("{FAE04EC0-301F-11D3-BF4B-00C04F79EFBC}") = "q19", "..\q19\q19\q19.csproj", "{E7CF5B70-648C-454F-9DC5-F4BA2346F53F}"
EndProject
Project("{FAE04EC0-301F-11D3-BF4B-00C04F79EFBC}") = "q20", "..\q20\q20\q20.csproj", "{FE2B701C-99B3-45CB-A7E5-FB2E836CD9E5}"
EndProject
Project("{2150E333-8FDC-42A3-9474-1A3956D46DE8}") = "q21-30", "q21-30", "{8CA44D40-5A41-40EA-938B-91979111C81C}"
EndProject
Project("{FAE04EC0-301F-11D3-BF4B-00C04F79EFBC}") = "q21", "..\q21\q21\q21.csproj", "{DFC711BA-68D4-46F6-BAF9-431177B23C3F}"
EndProject
Project("{FAE04EC0-301F-11D3-BF4B-00C04F79EFBC}") = "q22", "..\q22\q22\q22.csproj", "{9ABC4159-E504-461B-BCF5-3882A7E81EFA}"
EndProject
Project("{FAE04EC0-301F-11D3-BF4B-00C04F79EFBC}") = "q23", "..\q23\q23\q23.csproj", "{EAFC18A6-A493-4988-88FF-820A4731F62F}"
EndProject
Project("{FAE04EC0-301F-11D3-BF4B-00C04F79EFBC}") = "q24", "..\q24\q24\q24.csproj", "{167E8F04-5F52-4AF9-A68E-00900413A4FD}"
EndProject
Project("{FAE04EC0-301F-11D3-BF4B-00C04F79EFBC}") = "q25", "..\q25\q25\q25.csproj", "{17E2370B-A760-40D9-B58D-CAF3AF9368CF}"
EndProject
Project("{FAE04EC0-301F-11D3-BF4B-00C04F79EFBC}") = "q26", "..\q26\q26\q26.csproj", "{D0253CA1-CCA5-430D-9982-F6088A63C2B6}"
EndProject
Project("{FAE04EC0-301F-11D3-BF4B-00C04F79EFBC}") = "q27", "..\q27\q27\q27.csproj", "{8BCDBACA-E8CB-4F3C-9559-EB0BB30F4CEC}"
EndProject
Project("{FAE04EC0-301F-11D3-BF4B-00C04F79EFBC}") = "q28", "..\q28\q28\q28.csproj", "{2A8C2D96-6FEE-4833-9050-C2D22F9EF40D}"
EndProject
Project("{FAE04EC0-301F-11D3-BF4B-00C04F79EFBC}") = "q29", "..\q29\q29\q29.csproj", "{8548C9C5-8CC3-42F4-89FA-A5611E41233B}"
EndProject
Project("{FAE04EC0-301F-11D3-BF4B-00C04F79EFBC}") = "q30", "..\q30\q30\q30.csproj", "{B87C3476-0CA8-4390-BACE-23CC5D2D9AE7}"
EndProject
Project("{2150E333-8FDC-42A3-9474-1A3956D46DE8}") = "q31-40", "q31-40", "{E0BD2148-DA5B-4647-A54C-5FE818291D48}"
EndProject
Project("{FAE04EC0-301F-11D3-BF4B-00C04F79EFBC}") = "q31", "..\q31\q31\q31.csproj", "{831CD854-81E4-4678-AC87-2C324EC945FE}"
EndProject
Project("{FAE04EC0-301F-11D3-BF4B-00C04F79EFBC}") = "q32", "..\q32\q32\q32.csproj", "{BE4611DE-BFD8-4A7D-B528-08D93FEE99BB}"
EndProject
Project("{FAE04EC0-301F-11D3-BF4B-00C04F79EFBC}") = "q33", "..\q33\q33\q33.csproj", "{C2040A19-A1F3-4FDB-BEDD-F6945DF41CC8}"
EndProject
Project("{FAE04EC0-301F-11D3-BF4B-00C04F79EFBC}") = "q34", "..\q34\q34\q34.csproj", "{BFCBB554-D629-47AB-8624-FA051DE5F610}"
EndProject
Project("{FAE04EC0-301F-11D3-BF4B-00C04F79EFBC}") = "q35", "..\q35\q35\q35.csproj", "{3BF7D028-4B4E-46F4-9761-61ED046C5B3D}"
EndProject
Project("{FAE04EC0-301F-11D3-BF4B-00C04F79EFBC}") = "q36", "..\q36\q36.csproj", "{3592A76B-1073-4260-8EE8-34205BA25E47}"
EndProject
Project("{FAE04EC0-301F-11D3-BF4B-00C04F79EFBC}") = "q37", "..\q37\q37.csproj", "{532950A3-F2BE-406F-9987-D6BDED753361}"
EndProject
Project("{FAE04EC0-301F-11D3-BF4B-00C04F79EFBC}") = "q38", "..\q38\q38.csproj", "{A19C54E1-27E5-4595-85D9-349BE8C15E1D}"
EndProject
Project("{FAE04EC0-301F-11D3-BF4B-00C04F79EFBC}") = "q39", "..\q39\q39.csproj", "{DC38F4AC-0F0C-4137-8198-000C5EB2B3EA}"
EndProject
Project("{FAE04EC0-301F-11D3-BF4B-00C04F79EFBC}") = "q40", "..\q40\q40.csproj", "{ABFE3BBF-48BC-4169-AD7C-7C61F6BBC4B5}"
EndProject
Project("{FAE04EC0-301F-11D3-BF4B-00C04F79EFBC}") = "q41", "..\q41\q41.csproj", "{EDD5D23F-173E-4253-9889-FFB431662482}"
EndProject
Project("{2150E333-8FDC-42A3-9474-1A3956D46DE8}") = "q41-50", "q41-50", "{F1568166-58C2-4002-9CD7-7049C0F37053}"
EndProject
Project("{FAE04EC0-301F-11D3-BF4B-00C04F79EFBC}") = "q42", "..\q42\q42.csproj", "{918FEFCA-96C0-48CD-87A1-D8EC8EAE267E}"
EndProject
Project("{FAE04EC0-301F-11D3-BF4B-00C04F79EFBC}") = "q43", "..\q43\q43.csproj", "{81DCEA79-842E-4A91-8494-8585BE1D1437}"
EndProject
Project("{FAE04EC0-301F-11D3-BF4B-00C04F79EFBC}") = "q44", "..\q44\q44.csproj", "{9639D444-3025-43E5-824B-0520D16BF1BE}"
EndProject
Project("{FAE04EC0-301F-11D3-BF4B-00C04F79EFBC}") = "q45", "..\q45\q45.csproj", "{2AF15B52-BA9A-4311-8496-373FDBFCADE1}"
EndProject
Project("{FAE04EC0-301F-11D3-BF4B-00C04F79EFBC}") = "q46", "..\q46\q46.csproj", "{E6618138-526B-433F-BD0F-DFB55A6B7BF2}"
EndProject
Global
	GlobalSection(SolutionConfigurationPlatforms) = preSolution
		Debug|Any CPU = Debug|Any CPU
		Release|Any CPU = Release|Any CPU
	EndGlobalSection
	GlobalSection(ProjectConfigurationPlatforms) = postSolution
		{09A2FA16-53C5-401A-8813-3CE0CADEE445}.Debug|Any CPU.ActiveCfg = Debug|Any CPU
		{09A2FA16-53C5-401A-8813-3CE0CADEE445}.Debug|Any CPU.Build.0 = Debug|Any CPU
		{09A2FA16-53C5-401A-8813-3CE0CADEE445}.Release|Any CPU.ActiveCfg = Release|Any CPU
		{09A2FA16-53C5-401A-8813-3CE0CADEE445}.Release|Any CPU.Build.0 = Release|Any CPU
		{6C6AB264-E8AA-4A49-AD30-DAE75AD18BE8}.Debug|Any CPU.ActiveCfg = Debug|Any CPU
		{6C6AB264-E8AA-4A49-AD30-DAE75AD18BE8}.Debug|Any CPU.Build.0 = Debug|Any CPU
		{6C6AB264-E8AA-4A49-AD30-DAE75AD18BE8}.Release|Any CPU.ActiveCfg = Release|Any CPU
		{6C6AB264-E8AA-4A49-AD30-DAE75AD18BE8}.Release|Any CPU.Build.0 = Release|Any CPU
		{B67BD7AC-F64C-47D0-A537-2B638FAA3C3C}.Debug|Any CPU.ActiveCfg = Debug|Any CPU
		{B67BD7AC-F64C-47D0-A537-2B638FAA3C3C}.Debug|Any CPU.Build.0 = Debug|Any CPU
		{B67BD7AC-F64C-47D0-A537-2B638FAA3C3C}.Release|Any CPU.ActiveCfg = Release|Any CPU
		{B67BD7AC-F64C-47D0-A537-2B638FAA3C3C}.Release|Any CPU.Build.0 = Release|Any CPU
		{C5175BE1-FDC2-46BD-9808-6BAD457CB26D}.Debug|Any CPU.ActiveCfg = Debug|Any CPU
		{C5175BE1-FDC2-46BD-9808-6BAD457CB26D}.Debug|Any CPU.Build.0 = Debug|Any CPU
		{C5175BE1-FDC2-46BD-9808-6BAD457CB26D}.Release|Any CPU.ActiveCfg = Release|Any CPU
		{C5175BE1-FDC2-46BD-9808-6BAD457CB26D}.Release|Any CPU.Build.0 = Release|Any CPU
		{72CE0496-10B9-4077-ACA8-977DD8791BB7}.Debug|Any CPU.ActiveCfg = Debug|Any CPU
		{72CE0496-10B9-4077-ACA8-977DD8791BB7}.Debug|Any CPU.Build.0 = Debug|Any CPU
		{72CE0496-10B9-4077-ACA8-977DD8791BB7}.Release|Any CPU.ActiveCfg = Release|Any CPU
		{72CE0496-10B9-4077-ACA8-977DD8791BB7}.Release|Any CPU.Build.0 = Release|Any CPU
		{67A956E5-95EB-459F-818B-E9420974125B}.Debug|Any CPU.ActiveCfg = Debug|Any CPU
		{67A956E5-95EB-459F-818B-E9420974125B}.Debug|Any CPU.Build.0 = Debug|Any CPU
		{67A956E5-95EB-459F-818B-E9420974125B}.Release|Any CPU.ActiveCfg = Release|Any CPU
		{67A956E5-95EB-459F-818B-E9420974125B}.Release|Any CPU.Build.0 = Release|Any CPU
		{1687E12B-780A-4C53-B6AF-27B585AF56DB}.Debug|Any CPU.ActiveCfg = Debug|Any CPU
		{1687E12B-780A-4C53-B6AF-27B585AF56DB}.Debug|Any CPU.Build.0 = Debug|Any CPU
		{1687E12B-780A-4C53-B6AF-27B585AF56DB}.Release|Any CPU.ActiveCfg = Release|Any CPU
		{1687E12B-780A-4C53-B6AF-27B585AF56DB}.Release|Any CPU.Build.0 = Release|Any CPU
		{0E2712D1-5306-40F1-BE2C-0D6EC3B8F11B}.Debug|Any CPU.ActiveCfg = Debug|Any CPU
		{0E2712D1-5306-40F1-BE2C-0D6EC3B8F11B}.Debug|Any CPU.Build.0 = Debug|Any CPU
		{0E2712D1-5306-40F1-BE2C-0D6EC3B8F11B}.Release|Any CPU.ActiveCfg = Release|Any CPU
		{0E2712D1-5306-40F1-BE2C-0D6EC3B8F11B}.Release|Any CPU.Build.0 = Release|Any CPU
		{887EFC78-1D60-4DDA-BE9B-81F4E782CDE7}.Debug|Any CPU.ActiveCfg = Debug|Any CPU
		{887EFC78-1D60-4DDA-BE9B-81F4E782CDE7}.Debug|Any CPU.Build.0 = Debug|Any CPU
		{887EFC78-1D60-4DDA-BE9B-81F4E782CDE7}.Release|Any CPU.ActiveCfg = Release|Any CPU
		{887EFC78-1D60-4DDA-BE9B-81F4E782CDE7}.Release|Any CPU.Build.0 = Release|Any CPU
		{34E8D141-5E86-4EE2-B37D-5C8483CD0FF2}.Debug|Any CPU.ActiveCfg = Debug|Any CPU
		{34E8D141-5E86-4EE2-B37D-5C8483CD0FF2}.Debug|Any CPU.Build.0 = Debug|Any CPU
		{34E8D141-5E86-4EE2-B37D-5C8483CD0FF2}.Release|Any CPU.ActiveCfg = Release|Any CPU
		{34E8D141-5E86-4EE2-B37D-5C8483CD0FF2}.Release|Any CPU.Build.0 = Release|Any CPU
		{599B3FBC-26A0-4037-B893-B0FE7E2E8192}.Debug|Any CPU.ActiveCfg = Debug|Any CPU
		{599B3FBC-26A0-4037-B893-B0FE7E2E8192}.Debug|Any CPU.Build.0 = Debug|Any CPU
		{599B3FBC-26A0-4037-B893-B0FE7E2E8192}.Release|Any CPU.ActiveCfg = Release|Any CPU
		{599B3FBC-26A0-4037-B893-B0FE7E2E8192}.Release|Any CPU.Build.0 = Release|Any CPU
		{980C40D3-1F1C-4EC4-B48F-35FA1F3B17CB}.Debug|Any CPU.ActiveCfg = Debug|Any CPU
		{980C40D3-1F1C-4EC4-B48F-35FA1F3B17CB}.Debug|Any CPU.Build.0 = Debug|Any CPU
		{980C40D3-1F1C-4EC4-B48F-35FA1F3B17CB}.Release|Any CPU.ActiveCfg = Release|Any CPU
		{980C40D3-1F1C-4EC4-B48F-35FA1F3B17CB}.Release|Any CPU.Build.0 = Release|Any CPU
		{9B9F5317-D5E7-4928-8543-386FA74BB10A}.Debug|Any CPU.ActiveCfg = Debug|Any CPU
		{9B9F5317-D5E7-4928-8543-386FA74BB10A}.Debug|Any CPU.Build.0 = Debug|Any CPU
		{9B9F5317-D5E7-4928-8543-386FA74BB10A}.Release|Any CPU.ActiveCfg = Release|Any CPU
		{9B9F5317-D5E7-4928-8543-386FA74BB10A}.Release|Any CPU.Build.0 = Release|Any CPU
		{2CA35E43-4959-42F3-9E07-011B93EE4736}.Debug|Any CPU.ActiveCfg = Debug|Any CPU
		{2CA35E43-4959-42F3-9E07-011B93EE4736}.Debug|Any CPU.Build.0 = Debug|Any CPU
		{2CA35E43-4959-42F3-9E07-011B93EE4736}.Release|Any CPU.ActiveCfg = Release|Any CPU
		{2CA35E43-4959-42F3-9E07-011B93EE4736}.Release|Any CPU.Build.0 = Release|Any CPU
		{FE1EF5FB-7C33-4F79-ADB1-4C3AFA320520}.Debug|Any CPU.ActiveCfg = Debug|Any CPU
		{FE1EF5FB-7C33-4F79-ADB1-4C3AFA320520}.Debug|Any CPU.Build.0 = Debug|Any CPU
		{FE1EF5FB-7C33-4F79-ADB1-4C3AFA320520}.Release|Any CPU.ActiveCfg = Release|Any CPU
		{FE1EF5FB-7C33-4F79-ADB1-4C3AFA320520}.Release|Any CPU.Build.0 = Release|Any CPU
		{6AF35505-2C78-43FD-98AC-FB4DA2CFDFF7}.Debug|Any CPU.ActiveCfg = Debug|Any CPU
		{6AF35505-2C78-43FD-98AC-FB4DA2CFDFF7}.Debug|Any CPU.Build.0 = Debug|Any CPU
		{6AF35505-2C78-43FD-98AC-FB4DA2CFDFF7}.Release|Any CPU.ActiveCfg = Release|Any CPU
		{6AF35505-2C78-43FD-98AC-FB4DA2CFDFF7}.Release|Any CPU.Build.0 = Release|Any CPU
		{68773046-A1F3-4D10-8F86-81BA06DBCEAE}.Debug|Any CPU.ActiveCfg = Debug|Any CPU
		{68773046-A1F3-4D10-8F86-81BA06DBCEAE}.Debug|Any CPU.Build.0 = Debug|Any CPU
		{68773046-A1F3-4D10-8F86-81BA06DBCEAE}.Release|Any CPU.ActiveCfg = Release|Any CPU
		{68773046-A1F3-4D10-8F86-81BA06DBCEAE}.Release|Any CPU.Build.0 = Release|Any CPU
		{F691E302-7181-415E-9F95-F640D90CA8FB}.Debug|Any CPU.ActiveCfg = Debug|Any CPU
		{F691E302-7181-415E-9F95-F640D90CA8FB}.Debug|Any CPU.Build.0 = Debug|Any CPU
		{F691E302-7181-415E-9F95-F640D90CA8FB}.Release|Any CPU.ActiveCfg = Release|Any CPU
		{F691E302-7181-415E-9F95-F640D90CA8FB}.Release|Any CPU.Build.0 = Release|Any CPU
		{E7CF5B70-648C-454F-9DC5-F4BA2346F53F}.Debug|Any CPU.ActiveCfg = Debug|Any CPU
		{E7CF5B70-648C-454F-9DC5-F4BA2346F53F}.Debug|Any CPU.Build.0 = Debug|Any CPU
		{E7CF5B70-648C-454F-9DC5-F4BA2346F53F}.Release|Any CPU.ActiveCfg = Release|Any CPU
		{E7CF5B70-648C-454F-9DC5-F4BA2346F53F}.Release|Any CPU.Build.0 = Release|Any CPU
		{FE2B701C-99B3-45CB-A7E5-FB2E836CD9E5}.Debug|Any CPU.ActiveCfg = Debug|Any CPU
		{FE2B701C-99B3-45CB-A7E5-FB2E836CD9E5}.Debug|Any CPU.Build.0 = Debug|Any CPU
		{FE2B701C-99B3-45CB-A7E5-FB2E836CD9E5}.Release|Any CPU.ActiveCfg = Release|Any CPU
		{FE2B701C-99B3-45CB-A7E5-FB2E836CD9E5}.Release|Any CPU.Build.0 = Release|Any CPU
		{DFC711BA-68D4-46F6-BAF9-431177B23C3F}.Debug|Any CPU.ActiveCfg = Debug|Any CPU
		{DFC711BA-68D4-46F6-BAF9-431177B23C3F}.Debug|Any CPU.Build.0 = Debug|Any CPU
		{DFC711BA-68D4-46F6-BAF9-431177B23C3F}.Release|Any CPU.ActiveCfg = Release|Any CPU
		{DFC711BA-68D4-46F6-BAF9-431177B23C3F}.Release|Any CPU.Build.0 = Release|Any CPU
		{9ABC4159-E504-461B-BCF5-3882A7E81EFA}.Debug|Any CPU.ActiveCfg = Debug|Any CPU
		{9ABC4159-E504-461B-BCF5-3882A7E81EFA}.Debug|Any CPU.Build.0 = Debug|Any CPU
		{9ABC4159-E504-461B-BCF5-3882A7E81EFA}.Release|Any CPU.ActiveCfg = Release|Any CPU
		{9ABC4159-E504-461B-BCF5-3882A7E81EFA}.Release|Any CPU.Build.0 = Release|Any CPU
		{EAFC18A6-A493-4988-88FF-820A4731F62F}.Debug|Any CPU.ActiveCfg = Debug|Any CPU
		{EAFC18A6-A493-4988-88FF-820A4731F62F}.Debug|Any CPU.Build.0 = Debug|Any CPU
		{EAFC18A6-A493-4988-88FF-820A4731F62F}.Release|Any CPU.ActiveCfg = Release|Any CPU
		{EAFC18A6-A493-4988-88FF-820A4731F62F}.Release|Any CPU.Build.0 = Release|Any CPU
		{167E8F04-5F52-4AF9-A68E-00900413A4FD}.Debug|Any CPU.ActiveCfg = Debug|Any CPU
		{167E8F04-5F52-4AF9-A68E-00900413A4FD}.Debug|Any CPU.Build.0 = Debug|Any CPU
		{167E8F04-5F52-4AF9-A68E-00900413A4FD}.Release|Any CPU.ActiveCfg = Release|Any CPU
		{167E8F04-5F52-4AF9-A68E-00900413A4FD}.Release|Any CPU.Build.0 = Release|Any CPU
		{17E2370B-A760-40D9-B58D-CAF3AF9368CF}.Debug|Any CPU.ActiveCfg = Debug|Any CPU
		{17E2370B-A760-40D9-B58D-CAF3AF9368CF}.Debug|Any CPU.Build.0 = Debug|Any CPU
		{17E2370B-A760-40D9-B58D-CAF3AF9368CF}.Release|Any CPU.ActiveCfg = Release|Any CPU
		{17E2370B-A760-40D9-B58D-CAF3AF9368CF}.Release|Any CPU.Build.0 = Release|Any CPU
		{D0253CA1-CCA5-430D-9982-F6088A63C2B6}.Debug|Any CPU.ActiveCfg = Debug|Any CPU
		{D0253CA1-CCA5-430D-9982-F6088A63C2B6}.Debug|Any CPU.Build.0 = Debug|Any CPU
		{D0253CA1-CCA5-430D-9982-F6088A63C2B6}.Release|Any CPU.ActiveCfg = Release|Any CPU
		{D0253CA1-CCA5-430D-9982-F6088A63C2B6}.Release|Any CPU.Build.0 = Release|Any CPU
		{8BCDBACA-E8CB-4F3C-9559-EB0BB30F4CEC}.Debug|Any CPU.ActiveCfg = Debug|Any CPU
		{8BCDBACA-E8CB-4F3C-9559-EB0BB30F4CEC}.Debug|Any CPU.Build.0 = Debug|Any CPU
		{8BCDBACA-E8CB-4F3C-9559-EB0BB30F4CEC}.Release|Any CPU.ActiveCfg = Release|Any CPU
		{8BCDBACA-E8CB-4F3C-9559-EB0BB30F4CEC}.Release|Any CPU.Build.0 = Release|Any CPU
		{2A8C2D96-6FEE-4833-9050-C2D22F9EF40D}.Debug|Any CPU.ActiveCfg = Debug|Any CPU
		{2A8C2D96-6FEE-4833-9050-C2D22F9EF40D}.Debug|Any CPU.Build.0 = Debug|Any CPU
		{2A8C2D96-6FEE-4833-9050-C2D22F9EF40D}.Release|Any CPU.ActiveCfg = Release|Any CPU
		{2A8C2D96-6FEE-4833-9050-C2D22F9EF40D}.Release|Any CPU.Build.0 = Release|Any CPU
		{8548C9C5-8CC3-42F4-89FA-A5611E41233B}.Debug|Any CPU.ActiveCfg = Debug|Any CPU
		{8548C9C5-8CC3-42F4-89FA-A5611E41233B}.Debug|Any CPU.Build.0 = Debug|Any CPU
		{8548C9C5-8CC3-42F4-89FA-A5611E41233B}.Release|Any CPU.ActiveCfg = Release|Any CPU
		{8548C9C5-8CC3-42F4-89FA-A5611E41233B}.Release|Any CPU.Build.0 = Release|Any CPU
		{B87C3476-0CA8-4390-BACE-23CC5D2D9AE7}.Debug|Any CPU.ActiveCfg = Debug|Any CPU
		{B87C3476-0CA8-4390-BACE-23CC5D2D9AE7}.Debug|Any CPU.Build.0 = Debug|Any CPU
		{B87C3476-0CA8-4390-BACE-23CC5D2D9AE7}.Release|Any CPU.ActiveCfg = Release|Any CPU
		{B87C3476-0CA8-4390-BACE-23CC5D2D9AE7}.Release|Any CPU.Build.0 = Release|Any CPU
		{831CD854-81E4-4678-AC87-2C324EC945FE}.Debug|Any CPU.ActiveCfg = Debug|Any CPU
		{831CD854-81E4-4678-AC87-2C324EC945FE}.Debug|Any CPU.Build.0 = Debug|Any CPU
		{831CD854-81E4-4678-AC87-2C324EC945FE}.Release|Any CPU.ActiveCfg = Release|Any CPU
		{831CD854-81E4-4678-AC87-2C324EC945FE}.Release|Any CPU.Build.0 = Release|Any CPU
		{BE4611DE-BFD8-4A7D-B528-08D93FEE99BB}.Debug|Any CPU.ActiveCfg = Debug|Any CPU
		{BE4611DE-BFD8-4A7D-B528-08D93FEE99BB}.Debug|Any CPU.Build.0 = Debug|Any CPU
		{BE4611DE-BFD8-4A7D-B528-08D93FEE99BB}.Release|Any CPU.ActiveCfg = Release|Any CPU
		{BE4611DE-BFD8-4A7D-B528-08D93FEE99BB}.Release|Any CPU.Build.0 = Release|Any CPU
		{C2040A19-A1F3-4FDB-BEDD-F6945DF41CC8}.Debug|Any CPU.ActiveCfg = Debug|Any CPU
		{C2040A19-A1F3-4FDB-BEDD-F6945DF41CC8}.Debug|Any CPU.Build.0 = Debug|Any CPU
		{C2040A19-A1F3-4FDB-BEDD-F6945DF41CC8}.Release|Any CPU.ActiveCfg = Release|Any CPU
		{C2040A19-A1F3-4FDB-BEDD-F6945DF41CC8}.Release|Any CPU.Build.0 = Release|Any CPU
		{BFCBB554-D629-47AB-8624-FA051DE5F610}.Debug|Any CPU.ActiveCfg = Debug|Any CPU
		{BFCBB554-D629-47AB-8624-FA051DE5F610}.Debug|Any CPU.Build.0 = Debug|Any CPU
		{BFCBB554-D629-47AB-8624-FA051DE5F610}.Release|Any CPU.ActiveCfg = Release|Any CPU
		{BFCBB554-D629-47AB-8624-FA051DE5F610}.Release|Any CPU.Build.0 = Release|Any CPU
		{3BF7D028-4B4E-46F4-9761-61ED046C5B3D}.Debug|Any CPU.ActiveCfg = Debug|Any CPU
		{3BF7D028-4B4E-46F4-9761-61ED046C5B3D}.Debug|Any CPU.Build.0 = Debug|Any CPU
		{3BF7D028-4B4E-46F4-9761-61ED046C5B3D}.Release|Any CPU.ActiveCfg = Release|Any CPU
		{3BF7D028-4B4E-46F4-9761-61ED046C5B3D}.Release|Any CPU.Build.0 = Release|Any CPU
		{3592A76B-1073-4260-8EE8-34205BA25E47}.Debug|Any CPU.ActiveCfg = Debug|Any CPU
		{3592A76B-1073-4260-8EE8-34205BA25E47}.Debug|Any CPU.Build.0 = Debug|Any CPU
		{3592A76B-1073-4260-8EE8-34205BA25E47}.Release|Any CPU.ActiveCfg = Release|Any CPU
		{3592A76B-1073-4260-8EE8-34205BA25E47}.Release|Any CPU.Build.0 = Release|Any CPU
		{532950A3-F2BE-406F-9987-D6BDED753361}.Debug|Any CPU.ActiveCfg = Debug|Any CPU
		{532950A3-F2BE-406F-9987-D6BDED753361}.Debug|Any CPU.Build.0 = Debug|Any CPU
		{532950A3-F2BE-406F-9987-D6BDED753361}.Release|Any CPU.ActiveCfg = Release|Any CPU
		{532950A3-F2BE-406F-9987-D6BDED753361}.Release|Any CPU.Build.0 = Release|Any CPU
		{A19C54E1-27E5-4595-85D9-349BE8C15E1D}.Debug|Any CPU.ActiveCfg = Debug|Any CPU
		{A19C54E1-27E5-4595-85D9-349BE8C15E1D}.Debug|Any CPU.Build.0 = Debug|Any CPU
		{A19C54E1-27E5-4595-85D9-349BE8C15E1D}.Release|Any CPU.ActiveCfg = Release|Any CPU
		{A19C54E1-27E5-4595-85D9-349BE8C15E1D}.Release|Any CPU.Build.0 = Release|Any CPU
		{DC38F4AC-0F0C-4137-8198-000C5EB2B3EA}.Debug|Any CPU.ActiveCfg = Debug|Any CPU
		{DC38F4AC-0F0C-4137-8198-000C5EB2B3EA}.Debug|Any CPU.Build.0 = Debug|Any CPU
		{DC38F4AC-0F0C-4137-8198-000C5EB2B3EA}.Release|Any CPU.ActiveCfg = Release|Any CPU
		{DC38F4AC-0F0C-4137-8198-000C5EB2B3EA}.Release|Any CPU.Build.0 = Release|Any CPU
		{ABFE3BBF-48BC-4169-AD7C-7C61F6BBC4B5}.Debug|Any CPU.ActiveCfg = Debug|Any CPU
		{ABFE3BBF-48BC-4169-AD7C-7C61F6BBC4B5}.Debug|Any CPU.Build.0 = Debug|Any CPU
		{ABFE3BBF-48BC-4169-AD7C-7C61F6BBC4B5}.Release|Any CPU.ActiveCfg = Release|Any CPU
		{ABFE3BBF-48BC-4169-AD7C-7C61F6BBC4B5}.Release|Any CPU.Build.0 = Release|Any CPU
		{EDD5D23F-173E-4253-9889-FFB431662482}.Debug|Any CPU.ActiveCfg = Debug|Any CPU
		{EDD5D23F-173E-4253-9889-FFB431662482}.Debug|Any CPU.Build.0 = Debug|Any CPU
		{EDD5D23F-173E-4253-9889-FFB431662482}.Release|Any CPU.ActiveCfg = Release|Any CPU
		{EDD5D23F-173E-4253-9889-FFB431662482}.Release|Any CPU.Build.0 = Release|Any CPU
		{918FEFCA-96C0-48CD-87A1-D8EC8EAE267E}.Debug|Any CPU.ActiveCfg = Debug|Any CPU
		{918FEFCA-96C0-48CD-87A1-D8EC8EAE267E}.Debug|Any CPU.Build.0 = Debug|Any CPU
		{918FEFCA-96C0-48CD-87A1-D8EC8EAE267E}.Release|Any CPU.ActiveCfg = Release|Any CPU
		{918FEFCA-96C0-48CD-87A1-D8EC8EAE267E}.Release|Any CPU.Build.0 = Release|Any CPU
		{81DCEA79-842E-4A91-8494-8585BE1D1437}.Debug|Any CPU.ActiveCfg = Debug|Any CPU
		{81DCEA79-842E-4A91-8494-8585BE1D1437}.Debug|Any CPU.Build.0 = Debug|Any CPU
		{81DCEA79-842E-4A91-8494-8585BE1D1437}.Release|Any CPU.ActiveCfg = Release|Any CPU
		{81DCEA79-842E-4A91-8494-8585BE1D1437}.Release|Any CPU.Build.0 = Release|Any CPU
		{9639D444-3025-43E5-824B-0520D16BF1BE}.Debug|Any CPU.ActiveCfg = Debug|Any CPU
		{9639D444-3025-43E5-824B-0520D16BF1BE}.Debug|Any CPU.Build.0 = Debug|Any CPU
		{9639D444-3025-43E5-824B-0520D16BF1BE}.Release|Any CPU.ActiveCfg = Release|Any CPU
		{9639D444-3025-43E5-824B-0520D16BF1BE}.Release|Any CPU.Build.0 = Release|Any CPU
		{2AF15B52-BA9A-4311-8496-373FDBFCADE1}.Debug|Any CPU.ActiveCfg = Debug|Any CPU
		{2AF15B52-BA9A-4311-8496-373FDBFCADE1}.Debug|Any CPU.Build.0 = Debug|Any CPU
		{2AF15B52-BA9A-4311-8496-373FDBFCADE1}.Release|Any CPU.ActiveCfg = Release|Any CPU
		{2AF15B52-BA9A-4311-8496-373FDBFCADE1}.Release|Any CPU.Build.0 = Release|Any CPU
		{E6618138-526B-433F-BD0F-DFB55A6B7BF2}.Debug|Any CPU.ActiveCfg = Debug|Any CPU
		{E6618138-526B-433F-BD0F-DFB55A6B7BF2}.Debug|Any CPU.Build.0 = Debug|Any CPU
		{E6618138-526B-433F-BD0F-DFB55A6B7BF2}.Release|Any CPU.ActiveCfg = Release|Any CPU
		{E6618138-526B-433F-BD0F-DFB55A6B7BF2}.Release|Any CPU.Build.0 = Release|Any CPU
	EndGlobalSection
	GlobalSection(SolutionProperties) = preSolution
		HideSolutionNode = FALSE
	EndGlobalSection
	GlobalSection(NestedProjects) = preSolution
		{09A2FA16-53C5-401A-8813-3CE0CADEE445} = {6205358E-8B47-4E77-8C50-249F8CF750F6}
		{6C6AB264-E8AA-4A49-AD30-DAE75AD18BE8} = {6205358E-8B47-4E77-8C50-249F8CF750F6}
		{B67BD7AC-F64C-47D0-A537-2B638FAA3C3C} = {6205358E-8B47-4E77-8C50-249F8CF750F6}
		{C5175BE1-FDC2-46BD-9808-6BAD457CB26D} = {6205358E-8B47-4E77-8C50-249F8CF750F6}
		{72CE0496-10B9-4077-ACA8-977DD8791BB7} = {6205358E-8B47-4E77-8C50-249F8CF750F6}
		{67A956E5-95EB-459F-818B-E9420974125B} = {6205358E-8B47-4E77-8C50-249F8CF750F6}
		{1687E12B-780A-4C53-B6AF-27B585AF56DB} = {6205358E-8B47-4E77-8C50-249F8CF750F6}
		{0E2712D1-5306-40F1-BE2C-0D6EC3B8F11B} = {6205358E-8B47-4E77-8C50-249F8CF750F6}
		{887EFC78-1D60-4DDA-BE9B-81F4E782CDE7} = {6205358E-8B47-4E77-8C50-249F8CF750F6}
		{34E8D141-5E86-4EE2-B37D-5C8483CD0FF2} = {6205358E-8B47-4E77-8C50-249F8CF750F6}
		{599B3FBC-26A0-4037-B893-B0FE7E2E8192} = {AA4D7560-13D7-4A50-89AA-2DDA714225A5}
		{980C40D3-1F1C-4EC4-B48F-35FA1F3B17CB} = {AA4D7560-13D7-4A50-89AA-2DDA714225A5}
		{9B9F5317-D5E7-4928-8543-386FA74BB10A} = {AA4D7560-13D7-4A50-89AA-2DDA714225A5}
		{2CA35E43-4959-42F3-9E07-011B93EE4736} = {AA4D7560-13D7-4A50-89AA-2DDA714225A5}
		{FE1EF5FB-7C33-4F79-ADB1-4C3AFA320520} = {AA4D7560-13D7-4A50-89AA-2DDA714225A5}
		{6AF35505-2C78-43FD-98AC-FB4DA2CFDFF7} = {AA4D7560-13D7-4A50-89AA-2DDA714225A5}
		{68773046-A1F3-4D10-8F86-81BA06DBCEAE} = {AA4D7560-13D7-4A50-89AA-2DDA714225A5}
		{F691E302-7181-415E-9F95-F640D90CA8FB} = {AA4D7560-13D7-4A50-89AA-2DDA714225A5}
		{E7CF5B70-648C-454F-9DC5-F4BA2346F53F} = {AA4D7560-13D7-4A50-89AA-2DDA714225A5}
		{FE2B701C-99B3-45CB-A7E5-FB2E836CD9E5} = {AA4D7560-13D7-4A50-89AA-2DDA714225A5}
		{DFC711BA-68D4-46F6-BAF9-431177B23C3F} = {8CA44D40-5A41-40EA-938B-91979111C81C}
		{9ABC4159-E504-461B-BCF5-3882A7E81EFA} = {8CA44D40-5A41-40EA-938B-91979111C81C}
		{EAFC18A6-A493-4988-88FF-820A4731F62F} = {8CA44D40-5A41-40EA-938B-91979111C81C}
		{167E8F04-5F52-4AF9-A68E-00900413A4FD} = {8CA44D40-5A41-40EA-938B-91979111C81C}
		{17E2370B-A760-40D9-B58D-CAF3AF9368CF} = {8CA44D40-5A41-40EA-938B-91979111C81C}
		{D0253CA1-CCA5-430D-9982-F6088A63C2B6} = {8CA44D40-5A41-40EA-938B-91979111C81C}
		{8BCDBACA-E8CB-4F3C-9559-EB0BB30F4CEC} = {8CA44D40-5A41-40EA-938B-91979111C81C}
		{2A8C2D96-6FEE-4833-9050-C2D22F9EF40D} = {8CA44D40-5A41-40EA-938B-91979111C81C}
		{8548C9C5-8CC3-42F4-89FA-A5611E41233B} = {8CA44D40-5A41-40EA-938B-91979111C81C}
		{B87C3476-0CA8-4390-BACE-23CC5D2D9AE7} = {8CA44D40-5A41-40EA-938B-91979111C81C}
		{831CD854-81E4-4678-AC87-2C324EC945FE} = {E0BD2148-DA5B-4647-A54C-5FE818291D48}
		{BE4611DE-BFD8-4A7D-B528-08D93FEE99BB} = {E0BD2148-DA5B-4647-A54C-5FE818291D48}
		{C2040A19-A1F3-4FDB-BEDD-F6945DF41CC8} = {E0BD2148-DA5B-4647-A54C-5FE818291D48}
		{BFCBB554-D629-47AB-8624-FA051DE5F610} = {E0BD2148-DA5B-4647-A54C-5FE818291D48}
		{3BF7D028-4B4E-46F4-9761-61ED046C5B3D} = {E0BD2148-DA5B-4647-A54C-5FE818291D48}
		{3592A76B-1073-4260-8EE8-34205BA25E47} = {E0BD2148-DA5B-4647-A54C-5FE818291D48}
		{532950A3-F2BE-406F-9987-D6BDED753361} = {E0BD2148-DA5B-4647-A54C-5FE818291D48}
		{A19C54E1-27E5-4595-85D9-349BE8C15E1D} = {E0BD2148-DA5B-4647-A54C-5FE818291D48}
		{DC38F4AC-0F0C-4137-8198-000C5EB2B3EA} = {E0BD2148-DA5B-4647-A54C-5FE818291D48}
		{ABFE3BBF-48BC-4169-AD7C-7C61F6BBC4B5} = {E0BD2148-DA5B-4647-A54C-5FE818291D48}
		{EDD5D23F-173E-4253-9889-FFB431662482} = {F1568166-58C2-4002-9CD7-7049C0F37053}
		{918FEFCA-96C0-48CD-87A1-D8EC8EAE267E} = {F1568166-58C2-4002-9CD7-7049C0F37053}
		{81DCEA79-842E-4A91-8494-8585BE1D1437} = {F1568166-58C2-4002-9CD7-7049C0F37053}
		{9639D444-3025-43E5-824B-0520D16BF1BE} = {F1568166-58C2-4002-9CD7-7049C0F37053}
		{2AF15B52-BA9A-4311-8496-373FDBFCADE1} = {F1568166-58C2-4002-9CD7-7049C0F37053}
		{E6618138-526B-433F-BD0F-DFB55A6B7BF2} = {F1568166-58C2-4002-9CD7-7049C0F37053}
	EndGlobalSection
EndGlobal
