
Microsoft Visual Studio Solution File, Format Version 12.00
# Visual Studio 2013
VisualStudioVersion = 12.0.31101.0
MinimumVisualStudioVersion = 10.0.40219.1
Project("{FAE04EC0-301F-11D3-BF4B-00C04F79EFBC}") = "q32", "ConsoleApplication1\q32.csproj", "{BE4611DE-BFD8-4A7D-B528-08D93FEE99BB}"
EndProject
Global
	GlobalSection(SolutionConfigurationPlatforms) = preSolution
		Debug|Any CPU = Debug|Any CPU
		Release|Any CPU = Release|Any CPU
	EndGlobalSection
	GlobalSection(ProjectConfigurationPlatforms) = postSolution
		{BE4611DE-BFD8-4A7D-B528-08D93FEE99BB}.Debug|Any CPU.ActiveCfg = Debug|Any CPU
		{BE4611DE-BFD8-4A7D-B528-08D93FEE99BB}.Debug|Any CPU.Build.0 = Debug|Any CPU
		{BE4611DE-BFD8-4A7D-B528-08D93FEE99BB}.Release|Any CPU.ActiveCfg = Release|Any CPU
		{BE4611DE-BFD8-4A7D-B528-08D93FEE99BB}.Release|Any CPU.Build.0 = Release|Any CPU
	EndGlobalSection
	GlobalSection(SolutionProperties) = preSolution
		HideSolutionNode = FALSE
	EndGlobalSection
EndGlobal
