
Microsoft Visual Studio Solution File, Format Version 12.00
# Visual Studio 2013
VisualStudioVersion = 12.0.31101.0
MinimumVisualStudioVersion = 10.0.40219.1
Project("{FAE04EC0-301F-11D3-BF4B-00C04F79EFBC}") = "q12", "q12\q12.csproj", "{980C40D3-1F1C-4EC4-B48F-35FA1F3B17CB}"
EndProject
Global
	GlobalSection(SolutionConfigurationPlatforms) = preSolution
		Debug|Any CPU = Debug|Any CPU
		Release|Any CPU = Release|Any CPU
	EndGlobalSection
	GlobalSection(ProjectConfigurationPlatforms) = postSolution
		{980C40D3-1F1C-4EC4-B48F-35FA1F3B17CB}.Debug|Any CPU.ActiveCfg = Debug|Any CPU
		{980C40D3-1F1C-4EC4-B48F-35FA1F3B17CB}.Debug|Any CPU.Build.0 = Debug|Any CPU
		{980C40D3-1F1C-4EC4-B48F-35FA1F3B17CB}.Release|Any CPU.ActiveCfg = Release|Any CPU
		{980C40D3-1F1C-4EC4-B48F-35FA1F3B17CB}.Release|Any CPU.Build.0 = Release|Any CPU
	EndGlobalSection
	GlobalSection(SolutionProperties) = preSolution
		HideSolutionNode = FALSE
	EndGlobalSection
EndGlobal
